// !$*UTF8*$!
{
	archiveVersion = 1;
	classes = {
	};
	objectVersion = 55;
	objects = {

/* Begin PBXBuildFile section */
		11D11EB6D6A9A37345C2322C /* Pods_PhotoApp.framework in Frameworks */ = {isa = PBXBuildFile; fileRef = D4248770F30E8D25213CEBFF /* Pods_PhotoApp.framework */; };
		1623FE82C53D85C2CE0EE92F /* Pods_PhotoAppTests.framework in Frameworks */ = {isa = PBXBuildFile; fileRef = 03508C8B74F5E0B907E054C0 /* Pods_PhotoAppTests.framework */; };
		72FD3D2FFCAA76526107C54D /* Pods_PhotoApp_PhotoAppUITests.framework in Frameworks */ = {isa = PBXBuildFile; fileRef = B2C31BDC73EC9A8D4C6BB8C9 /* Pods_PhotoApp_PhotoAppUITests.framework */; };
		A60F857D2923721300A951C3 /* PostModel.swift in Sources */ = {isa = PBXBuildFile; fileRef = A60F857C2923721300A951C3 /* PostModel.swift */; };
		A6589ADC2948B57000D4DA3B /* FirebaseFirestoreSwift in Frameworks */ = {isa = PBXBuildFile; productRef = A6589ADB2948B57000D4DA3B /* FirebaseFirestoreSwift */; };
		A6E1A71B2918F54B00C55184 /* AppDelegate.swift in Sources */ = {isa = PBXBuildFile; fileRef = A6E1A71A2918F54B00C55184 /* AppDelegate.swift */; };
		A6E1A71D2918F54B00C55184 /* SceneDelegate.swift in Sources */ = {isa = PBXBuildFile; fileRef = A6E1A71C2918F54B00C55184 /* SceneDelegate.swift */; };
		A6E1A71F2918F54B00C55184 /* UploadViewController.swift in Sources */ = {isa = PBXBuildFile; fileRef = A6E1A71E2918F54B00C55184 /* UploadViewController.swift */; };
		A6E1A7222918F54B00C55184 /* UploadView.storyboard in Resources */ = {isa = PBXBuildFile; fileRef = A6E1A7202918F54B00C55184 /* UploadView.storyboard */; };
		A6E1A7242918F54B00C55184 /* Assets.xcassets in Resources */ = {isa = PBXBuildFile; fileRef = A6E1A7232918F54B00C55184 /* Assets.xcassets */; };
		A6E1A7272918F54B00C55184 /* LaunchScreen.storyboard in Resources */ = {isa = PBXBuildFile; fileRef = A6E1A7252918F54B00C55184 /* LaunchScreen.storyboard */; };
		A6E1A7322918F54B00C55184 /* PhotoAppTests.swift in Sources */ = {isa = PBXBuildFile; fileRef = A6E1A7312918F54B00C55184 /* PhotoAppTests.swift */; };
		A6E1A73C2918F54C00C55184 /* PhotoAppUITests.swift in Sources */ = {isa = PBXBuildFile; fileRef = A6E1A73B2918F54C00C55184 /* PhotoAppUITests.swift */; };
		A6E1A73E2918F54C00C55184 /* PhotoAppUITestsLaunchTests.swift in Sources */ = {isa = PBXBuildFile; fileRef = A6E1A73D2918F54C00C55184 /* PhotoAppUITestsLaunchTests.swift */; };
		A6E1A74E2918F9B400C55184 /* FirebaseFirestore in Frameworks */ = {isa = PBXBuildFile; productRef = A6E1A74D2918F9B400C55184 /* FirebaseFirestore */; };
		A6E1A7502918F9B400C55184 /* FirebaseStorage in Frameworks */ = {isa = PBXBuildFile; productRef = A6E1A74F2918F9B400C55184 /* FirebaseStorage */; };
		A6E1A7522919012800C55184 /* GoogleService-Info.plist in Resources */ = {isa = PBXBuildFile; fileRef = A6E1A7512919012800C55184 /* GoogleService-Info.plist */; };
		A6E1A756291A570900C55184 /* PhotoView.storyboard in Resources */ = {isa = PBXBuildFile; fileRef = A6E1A755291A570900C55184 /* PhotoView.storyboard */; };
		A6E1A758291A574100C55184 /* PhotoViewController.swift in Sources */ = {isa = PBXBuildFile; fileRef = A6E1A757291A574100C55184 /* PhotoViewController.swift */; };
/* End PBXBuildFile section */

/* Begin PBXContainerItemProxy section */
		A6E1A72E2918F54B00C55184 /* PBXContainerItemProxy */ = {
			isa = PBXContainerItemProxy;
			containerPortal = A6E1A70F2918F54B00C55184 /* Project object */;
			proxyType = 1;
			remoteGlobalIDString = A6E1A7162918F54B00C55184;
			remoteInfo = PhotoApp;
		};
		A6E1A7382918F54C00C55184 /* PBXContainerItemProxy */ = {
			isa = PBXContainerItemProxy;
			containerPortal = A6E1A70F2918F54B00C55184 /* Project object */;
			proxyType = 1;
			remoteGlobalIDString = A6E1A7162918F54B00C55184;
			remoteInfo = PhotoApp;
		};
/* End PBXContainerItemProxy section */

/* Begin PBXFileReference section */
		03508C8B74F5E0B907E054C0 /* Pods_PhotoAppTests.framework */ = {isa = PBXFileReference; explicitFileType = wrapper.framework; includeInIndex = 0; path = Pods_PhotoAppTests.framework; sourceTree = BUILT_PRODUCTS_DIR; };
		0D26676D67808EE46A9C785E /* Pods-PhotoAppTests.debug.xcconfig */ = {isa = PBXFileReference; includeInIndex = 1; lastKnownFileType = text.xcconfig; name = "Pods-PhotoAppTests.debug.xcconfig"; path = "Target Support Files/Pods-PhotoAppTests/Pods-PhotoAppTests.debug.xcconfig"; sourceTree = "<group>"; };
		13B867D47D95FBD1912F4032 /* Pods-PhotoApp.release.xcconfig */ = {isa = PBXFileReference; includeInIndex = 1; lastKnownFileType = text.xcconfig; name = "Pods-PhotoApp.release.xcconfig"; path = "Target Support Files/Pods-PhotoApp/Pods-PhotoApp.release.xcconfig"; sourceTree = "<group>"; };
		86A0BC4496DF1C0FC28A3868 /* Pods-PhotoApp.debug.xcconfig */ = {isa = PBXFileReference; includeInIndex = 1; lastKnownFileType = text.xcconfig; name = "Pods-PhotoApp.debug.xcconfig"; path = "Target Support Files/Pods-PhotoApp/Pods-PhotoApp.debug.xcconfig"; sourceTree = "<group>"; };
		9753518D972197E393CA3B4D /* Pods-PhotoApp-PhotoAppUITests.release.xcconfig */ = {isa = PBXFileReference; includeInIndex = 1; lastKnownFileType = text.xcconfig; name = "Pods-PhotoApp-PhotoAppUITests.release.xcconfig"; path = "Target Support Files/Pods-PhotoApp-PhotoAppUITests/Pods-PhotoApp-PhotoAppUITests.release.xcconfig"; sourceTree = "<group>"; };
		A60F857C2923721300A951C3 /* PostModel.swift */ = {isa = PBXFileReference; lastKnownFileType = sourcecode.swift; path = PostModel.swift; sourceTree = "<group>"; };
		A6E1A7172918F54B00C55184 /* PhotoApp.app */ = {isa = PBXFileReference; explicitFileType = wrapper.application; includeInIndex = 0; path = PhotoApp.app; sourceTree = BUILT_PRODUCTS_DIR; };
		A6E1A71A2918F54B00C55184 /* AppDelegate.swift */ = {isa = PBXFileReference; lastKnownFileType = sourcecode.swift; path = AppDelegate.swift; sourceTree = "<group>"; };
		A6E1A71C2918F54B00C55184 /* SceneDelegate.swift */ = {isa = PBXFileReference; lastKnownFileType = sourcecode.swift; path = SceneDelegate.swift; sourceTree = "<group>"; };
		A6E1A71E2918F54B00C55184 /* UploadViewController.swift */ = {isa = PBXFileReference; lastKnownFileType = sourcecode.swift; path = UploadViewController.swift; sourceTree = "<group>"; };
		A6E1A7212918F54B00C55184 /* Base */ = {isa = PBXFileReference; lastKnownFileType = file.storyboard; name = Base; path = Base.lproj/UploadView.storyboard; sourceTree = "<group>"; };
		A6E1A7232918F54B00C55184 /* Assets.xcassets */ = {isa = PBXFileReference; lastKnownFileType = folder.assetcatalog; path = Assets.xcassets; sourceTree = "<group>"; };
		A6E1A7262918F54B00C55184 /* Base */ = {isa = PBXFileReference; lastKnownFileType = file.storyboard; name = Base; path = Base.lproj/LaunchScreen.storyboard; sourceTree = "<group>"; };
		A6E1A7282918F54B00C55184 /* Info.plist */ = {isa = PBXFileReference; lastKnownFileType = text.plist.xml; path = Info.plist; sourceTree = "<group>"; };
		A6E1A72D2918F54B00C55184 /* PhotoAppTests.xctest */ = {isa = PBXFileReference; explicitFileType = wrapper.cfbundle; includeInIndex = 0; path = PhotoAppTests.xctest; sourceTree = BUILT_PRODUCTS_DIR; };
		A6E1A7312918F54B00C55184 /* PhotoAppTests.swift */ = {isa = PBXFileReference; lastKnownFileType = sourcecode.swift; path = PhotoAppTests.swift; sourceTree = "<group>"; };
		A6E1A7372918F54C00C55184 /* PhotoAppUITests.xctest */ = {isa = PBXFileReference; explicitFileType = wrapper.cfbundle; includeInIndex = 0; path = PhotoAppUITests.xctest; sourceTree = BUILT_PRODUCTS_DIR; };
		A6E1A73B2918F54C00C55184 /* PhotoAppUITests.swift */ = {isa = PBXFileReference; lastKnownFileType = sourcecode.swift; path = PhotoAppUITests.swift; sourceTree = "<group>"; };
		A6E1A73D2918F54C00C55184 /* PhotoAppUITestsLaunchTests.swift */ = {isa = PBXFileReference; lastKnownFileType = sourcecode.swift; path = PhotoAppUITestsLaunchTests.swift; sourceTree = "<group>"; };
		A6E1A7512919012800C55184 /* GoogleService-Info.plist */ = {isa = PBXFileReference; fileEncoding = 4; lastKnownFileType = text.plist.xml; name = "GoogleService-Info.plist"; path = "../../../Downloads/GoogleService-Info.plist"; sourceTree = "<group>"; };
		A6E1A755291A570900C55184 /* PhotoView.storyboard */ = {isa = PBXFileReference; lastKnownFileType = file.storyboard; path = PhotoView.storyboard; sourceTree = "<group>"; };
		A6E1A757291A574100C55184 /* PhotoViewController.swift */ = {isa = PBXFileReference; lastKnownFileType = sourcecode.swift; path = PhotoViewController.swift; sourceTree = "<group>"; };
		B2C31BDC73EC9A8D4C6BB8C9 /* Pods_PhotoApp_PhotoAppUITests.framework */ = {isa = PBXFileReference; explicitFileType = wrapper.framework; includeInIndex = 0; path = Pods_PhotoApp_PhotoAppUITests.framework; sourceTree = BUILT_PRODUCTS_DIR; };
		D4248770F30E8D25213CEBFF /* Pods_PhotoApp.framework */ = {isa = PBXFileReference; explicitFileType = wrapper.framework; includeInIndex = 0; path = Pods_PhotoApp.framework; sourceTree = BUILT_PRODUCTS_DIR; };
		E7170A995F055E2A1B810D52 /* Pods-PhotoAppTests.release.xcconfig */ = {isa = PBXFileReference; includeInIndex = 1; lastKnownFileType = text.xcconfig; name = "Pods-PhotoAppTests.release.xcconfig"; path = "Target Support Files/Pods-PhotoAppTests/Pods-PhotoAppTests.release.xcconfig"; sourceTree = "<group>"; };
		F33647EEB5148C2C1506ECB5 /* Pods-PhotoApp-PhotoAppUITests.debug.xcconfig */ = {isa = PBXFileReference; includeInIndex = 1; lastKnownFileType = text.xcconfig; name = "Pods-PhotoApp-PhotoAppUITests.debug.xcconfig"; path = "Target Support Files/Pods-PhotoApp-PhotoAppUITests/Pods-PhotoApp-PhotoAppUITests.debug.xcconfig"; sourceTree = "<group>"; };
/* End PBXFileReference section */

/* Begin PBXFrameworksBuildPhase section */
		A6E1A7142918F54B00C55184 /* Frameworks */ = {
			isa = PBXFrameworksBuildPhase;
			buildActionMask = 2147483647;
			files = (
				A6E1A74E2918F9B400C55184 /* FirebaseFirestore in Frameworks */,
				A6E1A7502918F9B400C55184 /* FirebaseStorage in Frameworks */,
				11D11EB6D6A9A37345C2322C /* Pods_PhotoApp.framework in Frameworks */,
				A6589ADC2948B57000D4DA3B /* FirebaseFirestoreSwift in Frameworks */,
			);
			runOnlyForDeploymentPostprocessing = 0;
		};
		A6E1A72A2918F54B00C55184 /* Frameworks */ = {
			isa = PBXFrameworksBuildPhase;
			buildActionMask = 2147483647;
			files = (
				1623FE82C53D85C2CE0EE92F /* Pods_PhotoAppTests.framework in Frameworks */,
			);
			runOnlyForDeploymentPostprocessing = 0;
		};
		A6E1A7342918F54B00C55184 /* Frameworks */ = {
			isa = PBXFrameworksBuildPhase;
			buildActionMask = 2147483647;
			files = (
				72FD3D2FFCAA76526107C54D /* Pods_PhotoApp_PhotoAppUITests.framework in Frameworks */,
			);
			runOnlyForDeploymentPostprocessing = 0;
		};
/* End PBXFrameworksBuildPhase section */

/* Begin PBXGroup section */
		0A5A163E43432A645CC0D4ED /* Frameworks */ = {
			isa = PBXGroup;
			children = (
				D4248770F30E8D25213CEBFF /* Pods_PhotoApp.framework */,
				B2C31BDC73EC9A8D4C6BB8C9 /* Pods_PhotoApp_PhotoAppUITests.framework */,
				03508C8B74F5E0B907E054C0 /* Pods_PhotoAppTests.framework */,
			);
			name = Frameworks;
			sourceTree = "<group>";
		};
		A60F85792923676900A951C3 /* Model */ = {
			isa = PBXGroup;
			children = (
				A60F857C2923721300A951C3 /* PostModel.swift */,
			);
			path = Model;
			sourceTree = "<group>";
		};
		A6E1A70E2918F54B00C55184 = {
			isa = PBXGroup;
			children = (
				A6E1A7192918F54B00C55184 /* PhotoApp */,
				A6E1A7302918F54B00C55184 /* PhotoAppTests */,
				A6E1A73A2918F54C00C55184 /* PhotoAppUITests */,
				A6E1A7182918F54B00C55184 /* Products */,
				D8A35C816873A80F46E93900 /* Pods */,
				0A5A163E43432A645CC0D4ED /* Frameworks */,
			);
			sourceTree = "<group>";
		};
		A6E1A7182918F54B00C55184 /* Products */ = {
			isa = PBXGroup;
			children = (
				A6E1A7172918F54B00C55184 /* PhotoApp.app */,
				A6E1A72D2918F54B00C55184 /* PhotoAppTests.xctest */,
				A6E1A7372918F54C00C55184 /* PhotoAppUITests.xctest */,
			);
			name = Products;
			sourceTree = "<group>";
		};
		A6E1A7192918F54B00C55184 /* PhotoApp */ = {
			isa = PBXGroup;
			children = (
				A6E1A71A2918F54B00C55184 /* AppDelegate.swift */,
				A6E1A71C2918F54B00C55184 /* SceneDelegate.swift */,
				A60F85792923676900A951C3 /* Model */,
				A6E1A754291A50E400C55184 /* View */,
				A6E1A753291A50C100C55184 /* Controller */,
				A6E1A7282918F54B00C55184 /* Info.plist */,
				A6E1A7512919012800C55184 /* GoogleService-Info.plist */,
				A6E1A7252918F54B00C55184 /* LaunchScreen.storyboard */,
			);
			path = PhotoApp;
			sourceTree = "<group>";
		};
		A6E1A7302918F54B00C55184 /* PhotoAppTests */ = {
			isa = PBXGroup;
			children = (
				A6E1A7312918F54B00C55184 /* PhotoAppTests.swift */,
			);
			path = PhotoAppTests;
			sourceTree = "<group>";
		};
		A6E1A73A2918F54C00C55184 /* PhotoAppUITests */ = {
			isa = PBXGroup;
			children = (
				A6E1A73B2918F54C00C55184 /* PhotoAppUITests.swift */,
				A6E1A73D2918F54C00C55184 /* PhotoAppUITestsLaunchTests.swift */,
			);
			path = PhotoAppUITests;
			sourceTree = "<group>";
		};
		A6E1A753291A50C100C55184 /* Controller */ = {
			isa = PBXGroup;
			children = (
				A6E1A71E2918F54B00C55184 /* UploadViewController.swift */,
				A6E1A757291A574100C55184 /* PhotoViewController.swift */,
			);
			path = Controller;
			sourceTree = "<group>";
		};
		A6E1A754291A50E400C55184 /* View */ = {
			isa = PBXGroup;
			children = (
				A6E1A7202918F54B00C55184 /* UploadView.storyboard */,
				A6E1A755291A570900C55184 /* PhotoView.storyboard */,
				A6E1A7232918F54B00C55184 /* Assets.xcassets */,
			);
			path = View;
			sourceTree = "<group>";
		};
		D8A35C816873A80F46E93900 /* Pods */ = {
			isa = PBXGroup;
			children = (
				86A0BC4496DF1C0FC28A3868 /* Pods-PhotoApp.debug.xcconfig */,
				13B867D47D95FBD1912F4032 /* Pods-PhotoApp.release.xcconfig */,
				F33647EEB5148C2C1506ECB5 /* Pods-PhotoApp-PhotoAppUITests.debug.xcconfig */,
				9753518D972197E393CA3B4D /* Pods-PhotoApp-PhotoAppUITests.release.xcconfig */,
				0D26676D67808EE46A9C785E /* Pods-PhotoAppTests.debug.xcconfig */,
				E7170A995F055E2A1B810D52 /* Pods-PhotoAppTests.release.xcconfig */,
			);
			path = Pods;
			sourceTree = "<group>";
		};
/* End PBXGroup section */

/* Begin PBXNativeTarget section */
		A6E1A7162918F54B00C55184 /* PhotoApp */ = {
			isa = PBXNativeTarget;
			buildConfigurationList = A6E1A7412918F54C00C55184 /* Build configuration list for PBXNativeTarget "PhotoApp" */;
			buildPhases = (
				75D043D58958C4CD3D027F7A /* [CP] Check Pods Manifest.lock */,
				A6E1A7132918F54B00C55184 /* Sources */,
				A6E1A7142918F54B00C55184 /* Frameworks */,
				A6E1A7152918F54B00C55184 /* Resources */,
				B66AFDD4535B44C86F1E6A3F /* [CP] Embed Pods Frameworks */,
			);
			buildRules = (
			);
			dependencies = (
			);
			name = PhotoApp;
			packageProductDependencies = (
				A6E1A74D2918F9B400C55184 /* FirebaseFirestore */,
				A6E1A74F2918F9B400C55184 /* FirebaseStorage */,
				A6589ADB2948B57000D4DA3B /* FirebaseFirestoreSwift */,
			);
			productName = PhotoApp;
			productReference = A6E1A7172918F54B00C55184 /* PhotoApp.app */;
			productType = "com.apple.product-type.application";
		};
		A6E1A72C2918F54B00C55184 /* PhotoAppTests */ = {
			isa = PBXNativeTarget;
			buildConfigurationList = A6E1A7442918F54C00C55184 /* Build configuration list for PBXNativeTarget "PhotoAppTests" */;
			buildPhases = (
				89F0FABDB341BCF549478FFF /* [CP] Check Pods Manifest.lock */,
				A6E1A7292918F54B00C55184 /* Sources */,
				A6E1A72A2918F54B00C55184 /* Frameworks */,
				A6E1A72B2918F54B00C55184 /* Resources */,
			);
			buildRules = (
			);
			dependencies = (
				A6E1A72F2918F54B00C55184 /* PBXTargetDependency */,
			);
			name = PhotoAppTests;
			productName = PhotoAppTests;
			productReference = A6E1A72D2918F54B00C55184 /* PhotoAppTests.xctest */;
			productType = "com.apple.product-type.bundle.unit-test";
		};
		A6E1A7362918F54B00C55184 /* PhotoAppUITests */ = {
			isa = PBXNativeTarget;
			buildConfigurationList = A6E1A7472918F54C00C55184 /* Build configuration list for PBXNativeTarget "PhotoAppUITests" */;
			buildPhases = (
				F2319173EB4DC071D33AF3D4 /* [CP] Check Pods Manifest.lock */,
				A6E1A7332918F54B00C55184 /* Sources */,
				A6E1A7342918F54B00C55184 /* Frameworks */,
				A6E1A7352918F54B00C55184 /* Resources */,
				5BB1876463312A1D24B4176D /* [CP] Embed Pods Frameworks */,
			);
			buildRules = (
			);
			dependencies = (
				A6E1A7392918F54C00C55184 /* PBXTargetDependency */,
			);
			name = PhotoAppUITests;
			productName = PhotoAppUITests;
			productReference = A6E1A7372918F54C00C55184 /* PhotoAppUITests.xctest */;
			productType = "com.apple.product-type.bundle.ui-testing";
		};
/* End PBXNativeTarget section */

/* Begin PBXProject section */
		A6E1A70F2918F54B00C55184 /* Project object */ = {
			isa = PBXProject;
			attributes = {
				BuildIndependentTargetsInParallel = 1;
				LastSwiftUpdateCheck = 1340;
				LastUpgradeCheck = 1340;
				TargetAttributes = {
					A6E1A7162918F54B00C55184 = {
						CreatedOnToolsVersion = 13.4.1;
					};
					A6E1A72C2918F54B00C55184 = {
						CreatedOnToolsVersion = 13.4.1;
						TestTargetID = A6E1A7162918F54B00C55184;
					};
					A6E1A7362918F54B00C55184 = {
						CreatedOnToolsVersion = 13.4.1;
						TestTargetID = A6E1A7162918F54B00C55184;
					};
				};
			};
			buildConfigurationList = A6E1A7122918F54B00C55184 /* Build configuration list for PBXProject "PhotoApp" */;
			compatibilityVersion = "Xcode 13.0";
			developmentRegion = en;
			hasScannedForEncodings = 0;
			knownRegions = (
				en,
				Base,
			);
			mainGroup = A6E1A70E2918F54B00C55184;
			packageReferences = (
				A6E1A74C2918F9B300C55184 /* XCRemoteSwiftPackageReference "firebase-ios-sdk" */,
				A6589ADA2948B56F00D4DA3B /* XCRemoteSwiftPackageReference "firebase-ios-sdk" */,
			);
			productRefGroup = A6E1A7182918F54B00C55184 /* Products */;
			projectDirPath = "";
			projectRoot = "";
			targets = (
				A6E1A7162918F54B00C55184 /* PhotoApp */,
				A6E1A72C2918F54B00C55184 /* PhotoAppTests */,
				A6E1A7362918F54B00C55184 /* PhotoAppUITests */,
			);
		};
/* End PBXProject section */

/* Begin PBXResourcesBuildPhase section */
		A6E1A7152918F54B00C55184 /* Resources */ = {
			isa = PBXResourcesBuildPhase;
			buildActionMask = 2147483647;
			files = (
				A6E1A756291A570900C55184 /* PhotoView.storyboard in Resources */,
				A6E1A7522919012800C55184 /* GoogleService-Info.plist in Resources */,
				A6E1A7272918F54B00C55184 /* LaunchScreen.storyboard in Resources */,
				A6E1A7242918F54B00C55184 /* Assets.xcassets in Resources */,
				A6E1A7222918F54B00C55184 /* UploadView.storyboard in Resources */,
			);
			runOnlyForDeploymentPostprocessing = 0;
		};
		A6E1A72B2918F54B00C55184 /* Resources */ = {
			isa = PBXResourcesBuildPhase;
			buildActionMask = 2147483647;
			files = (
			);
			runOnlyForDeploymentPostprocessing = 0;
		};
		A6E1A7352918F54B00C55184 /* Resources */ = {
			isa = PBXResourcesBuildPhase;
			buildActionMask = 2147483647;
			files = (
			);
			runOnlyForDeploymentPostprocessing = 0;
		};
/* End PBXResourcesBuildPhase section */

/* Begin PBXShellScriptBuildPhase section */
		5BB1876463312A1D24B4176D /* [CP] Embed Pods Frameworks */ = {
			isa = PBXShellScriptBuildPhase;
			buildActionMask = 2147483647;
			files = (
			);
			inputFileListPaths = (
				"${PODS_ROOT}/Target Support Files/Pods-PhotoApp-PhotoAppUITests/Pods-PhotoApp-PhotoAppUITests-frameworks-${CONFIGURATION}-input-files.xcfilelist",
			);
			name = "[CP] Embed Pods Frameworks";
			outputFileListPaths = (
				"${PODS_ROOT}/Target Support Files/Pods-PhotoApp-PhotoAppUITests/Pods-PhotoApp-PhotoAppUITests-frameworks-${CONFIGURATION}-output-files.xcfilelist",
			);
			runOnlyForDeploymentPostprocessing = 0;
			shellPath = /bin/sh;
			shellScript = "\"${PODS_ROOT}/Target Support Files/Pods-PhotoApp-PhotoAppUITests/Pods-PhotoApp-PhotoAppUITests-frameworks.sh\"\n";
			showEnvVarsInLog = 0;
		};
		75D043D58958C4CD3D027F7A /* [CP] Check Pods Manifest.lock */ = {
			isa = PBXShellScriptBuildPhase;
			buildActionMask = 2147483647;
			files = (
			);
			inputFileListPaths = (
			);
			inputPaths = (
				"${PODS_PODFILE_DIR_PATH}/Podfile.lock",
				"${PODS_ROOT}/Manifest.lock",
			);
			name = "[CP] Check Pods Manifest.lock";
			outputFileListPaths = (
			);
			outputPaths = (
				"$(DERIVED_FILE_DIR)/Pods-PhotoApp-checkManifestLockResult.txt",
			);
			runOnlyForDeploymentPostprocessing = 0;
			shellPath = /bin/sh;
			shellScript = "diff \"${PODS_PODFILE_DIR_PATH}/Podfile.lock\" \"${PODS_ROOT}/Manifest.lock\" > /dev/null\nif [ $? != 0 ] ; then\n    # print error to STDERR\n    echo \"error: The sandbox is not in sync with the Podfile.lock. Run 'pod install' or update your CocoaPods installation.\" >&2\n    exit 1\nfi\n# This output is used by Xcode 'outputs' to avoid re-running this script phase.\necho \"SUCCESS\" > \"${SCRIPT_OUTPUT_FILE_0}\"\n";
			showEnvVarsInLog = 0;
		};
		89F0FABDB341BCF549478FFF /* [CP] Check Pods Manifest.lock */ = {
			isa = PBXShellScriptBuildPhase;
			buildActionMask = 2147483647;
			files = (
			);
			inputFileListPaths = (
			);
			inputPaths = (
				"${PODS_PODFILE_DIR_PATH}/Podfile.lock",
				"${PODS_ROOT}/Manifest.lock",
			);
			name = "[CP] Check Pods Manifest.lock";
			outputFileListPaths = (
			);
			outputPaths = (
				"$(DERIVED_FILE_DIR)/Pods-PhotoAppTests-checkManifestLockResult.txt",
			);
			runOnlyForDeploymentPostprocessing = 0;
			shellPath = /bin/sh;
			shellScript = "diff \"${PODS_PODFILE_DIR_PATH}/Podfile.lock\" \"${PODS_ROOT}/Manifest.lock\" > /dev/null\nif [ $? != 0 ] ; then\n    # print error to STDERR\n    echo \"error: The sandbox is not in sync with the Podfile.lock. Run 'pod install' or update your CocoaPods installation.\" >&2\n    exit 1\nfi\n# This output is used by Xcode 'outputs' to avoid re-running this script phase.\necho \"SUCCESS\" > \"${SCRIPT_OUTPUT_FILE_0}\"\n";
			showEnvVarsInLog = 0;
		};
		B66AFDD4535B44C86F1E6A3F /* [CP] Embed Pods Frameworks */ = {
			isa = PBXShellScriptBuildPhase;
			buildActionMask = 2147483647;
			files = (
			);
			inputFileListPaths = (
				"${PODS_ROOT}/Target Support Files/Pods-PhotoApp/Pods-PhotoApp-frameworks-${CONFIGURATION}-input-files.xcfilelist",
			);
			name = "[CP] Embed Pods Frameworks";
			outputFileListPaths = (
				"${PODS_ROOT}/Target Support Files/Pods-PhotoApp/Pods-PhotoApp-frameworks-${CONFIGURATION}-output-files.xcfilelist",
			);
			runOnlyForDeploymentPostprocessing = 0;
			shellPath = /bin/sh;
			shellScript = "\"${PODS_ROOT}/Target Support Files/Pods-PhotoApp/Pods-PhotoApp-frameworks.sh\"\n";
			showEnvVarsInLog = 0;
		};
		F2319173EB4DC071D33AF3D4 /* [CP] Check Pods Manifest.lock */ = {
			isa = PBXShellScriptBuildPhase;
			buildActionMask = 2147483647;
			files = (
			);
			inputFileListPaths = (
			);
			inputPaths = (
				"${PODS_PODFILE_DIR_PATH}/Podfile.lock",
				"${PODS_ROOT}/Manifest.lock",
			);
			name = "[CP] Check Pods Manifest.lock";
			outputFileListPaths = (
			);
			outputPaths = (
				"$(DERIVED_FILE_DIR)/Pods-PhotoApp-PhotoAppUITests-checkManifestLockResult.txt",
			);
			runOnlyForDeploymentPostprocessing = 0;
			shellPath = /bin/sh;
			shellScript = "diff \"${PODS_PODFILE_DIR_PATH}/Podfile.lock\" \"${PODS_ROOT}/Manifest.lock\" > /dev/null\nif [ $? != 0 ] ; then\n    # print error to STDERR\n    echo \"error: The sandbox is not in sync with the Podfile.lock. Run 'pod install' or update your CocoaPods installation.\" >&2\n    exit 1\nfi\n# This output is used by Xcode 'outputs' to avoid re-running this script phase.\necho \"SUCCESS\" > \"${SCRIPT_OUTPUT_FILE_0}\"\n";
			showEnvVarsInLog = 0;
		};
/* End PBXShellScriptBuildPhase section */

/* Begin PBXSourcesBuildPhase section */
		A6E1A7132918F54B00C55184 /* Sources */ = {
			isa = PBXSourcesBuildPhase;
			buildActionMask = 2147483647;
			files = (
				A6E1A71F2918F54B00C55184 /* UploadViewController.swift in Sources */,
				A6E1A758291A574100C55184 /* PhotoViewController.swift in Sources */,
				A60F857D2923721300A951C3 /* PostModel.swift in Sources */,
				A6E1A71B2918F54B00C55184 /* AppDelegate.swift in Sources */,
				A6E1A71D2918F54B00C55184 /* SceneDelegate.swift in Sources */,
			);
			runOnlyForDeploymentPostprocessing = 0;
		};
		A6E1A7292918F54B00C55184 /* Sources */ = {
			isa = PBXSourcesBuildPhase;
			buildActionMask = 2147483647;
			files = (
				A6E1A7322918F54B00C55184 /* PhotoAppTests.swift in Sources */,
			);
			runOnlyForDeploymentPostprocessing = 0;
		};
		A6E1A7332918F54B00C55184 /* Sources */ = {
			isa = PBXSourcesBuildPhase;
			buildActionMask = 2147483647;
			files = (
				A6E1A73E2918F54C00C55184 /* PhotoAppUITestsLaunchTests.swift in Sources */,
				A6E1A73C2918F54C00C55184 /* PhotoAppUITests.swift in Sources */,
			);
			runOnlyForDeploymentPostprocessing = 0;
		};
/* End PBXSourcesBuildPhase section */

/* Begin PBXTargetDependency section */
		A6E1A72F2918F54B00C55184 /* PBXTargetDependency */ = {
			isa = PBXTargetDependency;
			target = A6E1A7162918F54B00C55184 /* PhotoApp */;
			targetProxy = A6E1A72E2918F54B00C55184 /* PBXContainerItemProxy */;
		};
		A6E1A7392918F54C00C55184 /* PBXTargetDependency */ = {
			isa = PBXTargetDependency;
			target = A6E1A7162918F54B00C55184 /* PhotoApp */;
			targetProxy = A6E1A7382918F54C00C55184 /* PBXContainerItemProxy */;
		};
/* End PBXTargetDependency section */

/* Begin PBXVariantGroup section */
		A6E1A7202918F54B00C55184 /* UploadView.storyboard */ = {
			isa = PBXVariantGroup;
			children = (
				A6E1A7212918F54B00C55184 /* Base */,
			);
			name = UploadView.storyboard;
			sourceTree = "<group>";
		};
		A6E1A7252918F54B00C55184 /* LaunchScreen.storyboard */ = {
			isa = PBXVariantGroup;
			children = (
				A6E1A7262918F54B00C55184 /* Base */,
			);
			name = LaunchScreen.storyboard;
			sourceTree = "<group>";
		};
/* End PBXVariantGroup section */

/* Begin XCBuildConfiguration section */
		A6E1A73F2918F54C00C55184 /* Debug */ = {
			isa = XCBuildConfiguration;
			buildSettings = {
				ALWAYS_SEARCH_USER_PATHS = NO;
				CLANG_ANALYZER_NONNULL = YES;
				CLANG_ANALYZER_NUMBER_OBJECT_CONVERSION = YES_AGGRESSIVE;
				CLANG_CXX_LANGUAGE_STANDARD = "gnu++17";
				CLANG_ENABLE_MODULES = YES;
				CLANG_ENABLE_OBJC_ARC = YES;
				CLANG_ENABLE_OBJC_WEAK = YES;
				CLANG_WARN_BLOCK_CAPTURE_AUTORELEASING = YES;
				CLANG_WARN_BOOL_CONVERSION = YES;
				CLANG_WARN_COMMA = YES;
				CLANG_WARN_CONSTANT_CONVERSION = YES;
				CLANG_WARN_DEPRECATED_OBJC_IMPLEMENTATIONS = YES;
				CLANG_WARN_DIRECT_OBJC_ISA_USAGE = YES_ERROR;
				CLANG_WARN_DOCUMENTATION_COMMENTS = YES;
				CLANG_WARN_EMPTY_BODY = YES;
				CLANG_WARN_ENUM_CONVERSION = YES;
				CLANG_WARN_INFINITE_RECURSION = YES;
				CLANG_WARN_INT_CONVERSION = YES;
				CLANG_WARN_NON_LITERAL_NULL_CONVERSION = YES;
				CLANG_WARN_OBJC_IMPLICIT_RETAIN_SELF = YES;
				CLANG_WARN_OBJC_LITERAL_CONVERSION = YES;
				CLANG_WARN_OBJC_ROOT_CLASS = YES_ERROR;
				CLANG_WARN_QUOTED_INCLUDE_IN_FRAMEWORK_HEADER = YES;
				CLANG_WARN_RANGE_LOOP_ANALYSIS = YES;
				CLANG_WARN_STRICT_PROTOTYPES = YES;
				CLANG_WARN_SUSPICIOUS_MOVE = YES;
				CLANG_WARN_UNGUARDED_AVAILABILITY = YES_AGGRESSIVE;
				CLANG_WARN_UNREACHABLE_CODE = YES;
				CLANG_WARN__DUPLICATE_METHOD_MATCH = YES;
				COPY_PHASE_STRIP = NO;
				DEBUG_INFORMATION_FORMAT = dwarf;
				ENABLE_STRICT_OBJC_MSGSEND = YES;
				ENABLE_TESTABILITY = YES;
				GCC_C_LANGUAGE_STANDARD = gnu11;
				GCC_DYNAMIC_NO_PIC = NO;
				GCC_NO_COMMON_BLOCKS = YES;
				GCC_OPTIMIZATION_LEVEL = 0;
				GCC_PREPROCESSOR_DEFINITIONS = (
					"DEBUG=1",
					"$(inherited)",
				);
				GCC_WARN_64_TO_32_BIT_CONVERSION = YES;
				GCC_WARN_ABOUT_RETURN_TYPE = YES_ERROR;
				GCC_WARN_UNDECLARED_SELECTOR = YES;
				GCC_WARN_UNINITIALIZED_AUTOS = YES_AGGRESSIVE;
				GCC_WARN_UNUSED_FUNCTION = YES;
				GCC_WARN_UNUSED_VARIABLE = YES;
				IPHONEOS_DEPLOYMENT_TARGET = 15.5;
				MTL_ENABLE_DEBUG_INFO = INCLUDE_SOURCE;
				MTL_FAST_MATH = YES;
				ONLY_ACTIVE_ARCH = YES;
				SDKROOT = iphoneos;
				SWIFT_ACTIVE_COMPILATION_CONDITIONS = DEBUG;
				SWIFT_OPTIMIZATION_LEVEL = "-Onone";
			};
			name = Debug;
		};
		A6E1A7402918F54C00C55184 /* Release */ = {
			isa = XCBuildConfiguration;
			buildSettings = {
				ALWAYS_SEARCH_USER_PATHS = NO;
				CLANG_ANALYZER_NONNULL = YES;
				CLANG_ANALYZER_NUMBER_OBJECT_CONVERSION = YES_AGGRESSIVE;
				CLANG_CXX_LANGUAGE_STANDARD = "gnu++17";
				CLANG_ENABLE_MODULES = YES;
				CLANG_ENABLE_OBJC_ARC = YES;
				CLANG_ENABLE_OBJC_WEAK = YES;
				CLANG_WARN_BLOCK_CAPTURE_AUTORELEASING = YES;
				CLANG_WARN_BOOL_CONVERSION = YES;
				CLANG_WARN_COMMA = YES;
				CLANG_WARN_CONSTANT_CONVERSION = YES;
				CLANG_WARN_DEPRECATED_OBJC_IMPLEMENTATIONS = YES;
				CLANG_WARN_DIRECT_OBJC_ISA_USAGE = YES_ERROR;
				CLANG_WARN_DOCUMENTATION_COMMENTS = YES;
				CLANG_WARN_EMPTY_BODY = YES;
				CLANG_WARN_ENUM_CONVERSION = YES;
				CLANG_WARN_INFINITE_RECURSION = YES;
				CLANG_WARN_INT_CONVERSION = YES;
				CLANG_WARN_NON_LITERAL_NULL_CONVERSION = YES;
				CLANG_WARN_OBJC_IMPLICIT_RETAIN_SELF = YES;
				CLANG_WARN_OBJC_LITERAL_CONVERSION = YES;
				CLANG_WARN_OBJC_ROOT_CLASS = YES_ERROR;
				CLANG_WARN_QUOTED_INCLUDE_IN_FRAMEWORK_HEADER = YES;
				CLANG_WARN_RANGE_LOOP_ANALYSIS = YES;
				CLANG_WARN_STRICT_PROTOTYPES = YES;
				CLANG_WARN_SUSPICIOUS_MOVE = YES;
				CLANG_WARN_UNGUARDED_AVAILABILITY = YES_AGGRESSIVE;
				CLANG_WARN_UNREACHABLE_CODE = YES;
				CLANG_WARN__DUPLICATE_METHOD_MATCH = YES;
				COPY_PHASE_STRIP = NO;
				DEBUG_INFORMATION_FORMAT = "dwarf-with-dsym";
				ENABLE_NS_ASSERTIONS = NO;
				ENABLE_STRICT_OBJC_MSGSEND = YES;
				GCC_C_LANGUAGE_STANDARD = gnu11;
				GCC_NO_COMMON_BLOCKS = YES;
				GCC_WARN_64_TO_32_BIT_CONVERSION = YES;
				GCC_WARN_ABOUT_RETURN_TYPE = YES_ERROR;
				GCC_WARN_UNDECLARED_SELECTOR = YES;
				GCC_WARN_UNINITIALIZED_AUTOS = YES_AGGRESSIVE;
				GCC_WARN_UNUSED_FUNCTION = YES;
				GCC_WARN_UNUSED_VARIABLE = YES;
				IPHONEOS_DEPLOYMENT_TARGET = 15.5;
				MTL_ENABLE_DEBUG_INFO = NO;
				MTL_FAST_MATH = YES;
				SDKROOT = iphoneos;
				SWIFT_COMPILATION_MODE = wholemodule;
				SWIFT_OPTIMIZATION_LEVEL = "-O";
				VALIDATE_PRODUCT = YES;
			};
			name = Release;
		};
		A6E1A7422918F54C00C55184 /* Debug */ = {
			isa = XCBuildConfiguration;
			baseConfigurationReference = 86A0BC4496DF1C0FC28A3868 /* Pods-PhotoApp.debug.xcconfig */;
			buildSettings = {
				ASSETCATALOG_COMPILER_APPICON_NAME = AppIcon;
				ASSETCATALOG_COMPILER_GLOBAL_ACCENT_COLOR_NAME = AccentColor;
				CODE_SIGN_STYLE = Automatic;
				CURRENT_PROJECT_VERSION = 1;
				DEVELOPMENT_TEAM = CZ6NNMRLBD;
				GENERATE_INFOPLIST_FILE = YES;
				INFOPLIST_FILE = PhotoApp/Info.plist;
				INFOPLIST_KEY_UIApplicationSupportsIndirectInputEvents = YES;
				INFOPLIST_KEY_UILaunchStoryboardName = LaunchScreen;
				INFOPLIST_KEY_UIMainStoryboardFile = UploadView;
				INFOPLIST_KEY_UISupportedInterfaceOrientations_iPad = "UIInterfaceOrientationPortrait UIInterfaceOrientationPortraitUpsideDown UIInterfaceOrientationLandscapeLeft UIInterfaceOrientationLandscapeRight";
				INFOPLIST_KEY_UISupportedInterfaceOrientations_iPhone = "UIInterfaceOrientationPortrait UIInterfaceOrientationLandscapeLeft UIInterfaceOrientationLandscapeRight";
				LD_RUNPATH_SEARCH_PATHS = (
					"$(inherited)",
					"@executable_path/Frameworks",
				);
				MARKETING_VERSION = 1.0;
				PRODUCT_BUNDLE_IDENTIFIER = com.ryosuke.PhotoApp;
				PRODUCT_NAME = "$(TARGET_NAME)";
				SWIFT_EMIT_LOC_STRINGS = YES;
				SWIFT_VERSION = 5.0;
				TARGETED_DEVICE_FAMILY = "1,2";
			};
			name = Debug;
		};
		A6E1A7432918F54C00C55184 /* Release */ = {
			isa = XCBuildConfiguration;
			baseConfigurationReference = 13B867D47D95FBD1912F4032 /* Pods-PhotoApp.release.xcconfig */;
			buildSettings = {
				ASSETCATALOG_COMPILER_APPICON_NAME = AppIcon;
				ASSETCATALOG_COMPILER_GLOBAL_ACCENT_COLOR_NAME = AccentColor;
				CODE_SIGN_STYLE = Automatic;
				CURRENT_PROJECT_VERSION = 1;
				DEVELOPMENT_TEAM = CZ6NNMRLBD;
				GENERATE_INFOPLIST_FILE = YES;
				INFOPLIST_FILE = PhotoApp/Info.plist;
				INFOPLIST_KEY_UIApplicationSupportsIndirectInputEvents = YES;
				INFOPLIST_KEY_UILaunchStoryboardName = LaunchScreen;
				INFOPLIST_KEY_UIMainStoryboardFile = UploadView;
				INFOPLIST_KEY_UISupportedInterfaceOrientations_iPad = "UIInterfaceOrientationPortrait UIInterfaceOrientationPortraitUpsideDown UIInterfaceOrientationLandscapeLeft UIInterfaceOrientationLandscapeRight";
				INFOPLIST_KEY_UISupportedInterfaceOrientations_iPhone = "UIInterfaceOrientationPortrait UIInterfaceOrientationLandscapeLeft UIInterfaceOrientationLandscapeRight";
				LD_RUNPATH_SEARCH_PATHS = (
					"$(inherited)",
					"@executable_path/Frameworks",
				);
				MARKETING_VERSION = 1.0;
				PRODUCT_BUNDLE_IDENTIFIER = com.ryosuke.PhotoApp;
				PRODUCT_NAME = "$(TARGET_NAME)";
				SWIFT_EMIT_LOC_STRINGS = YES;
				SWIFT_VERSION = 5.0;
				TARGETED_DEVICE_FAMILY = "1,2";
			};
			name = Release;
		};
		A6E1A7452918F54C00C55184 /* Debug */ = {
			isa = XCBuildConfiguration;
			baseConfigurationReference = 0D26676D67808EE46A9C785E /* Pods-PhotoAppTests.debug.xcconfig */;
			buildSettings = {
				ALWAYS_EMBED_SWIFT_STANDARD_LIBRARIES = YES;
				BUNDLE_LOADER = "$(TEST_HOST)";
				CODE_SIGN_STYLE = Automatic;
				CURRENT_PROJECT_VERSION = 1;
				DEVELOPMENT_TEAM = CZ6NNMRLBD;
				GENERATE_INFOPLIST_FILE = YES;
				IPHONEOS_DEPLOYMENT_TARGET = 15.5;
				MARKETING_VERSION = 1.0;
				PRODUCT_BUNDLE_IDENTIFIER = com.ryosuke.PhotoAppTests;
				PRODUCT_NAME = "$(TARGET_NAME)";
				SWIFT_EMIT_LOC_STRINGS = NO;
				SWIFT_VERSION = 5.0;
				TARGETED_DEVICE_FAMILY = "1,2";
				TEST_HOST = "$(BUILT_PRODUCTS_DIR)/PhotoApp.app/PhotoApp";
			};
			name = Debug;
		};
		A6E1A7462918F54C00C55184 /* Release */ = {
			isa = XCBuildConfiguration;
			baseConfigurationReference = E7170A995F055E2A1B810D52 /* Pods-PhotoAppTests.release.xcconfig */;
			buildSettings = {
				ALWAYS_EMBED_SWIFT_STANDARD_LIBRARIES = YES;
				BUNDLE_LOADER = "$(TEST_HOST)";
				CODE_SIGN_STYLE = Automatic;
				CURRENT_PROJECT_VERSION = 1;
				DEVELOPMENT_TEAM = CZ6NNMRLBD;
				GENERATE_INFOPLIST_FILE = YES;
				IPHONEOS_DEPLOYMENT_TARGET = 15.5;
				MARKETING_VERSION = 1.0;
				PRODUCT_BUNDLE_IDENTIFIER = com.ryosuke.PhotoAppTests;
				PRODUCT_NAME = "$(TARGET_NAME)";
				SWIFT_EMIT_LOC_STRINGS = NO;
				SWIFT_VERSION = 5.0;
				TARGETED_DEVICE_FAMILY = "1,2";
				TEST_HOST = "$(BUILT_PRODUCTS_DIR)/PhotoApp.app/PhotoApp";
			};
			name = Release;
		};
		A6E1A7482918F54C00C55184 /* Debug */ = {
			isa = XCBuildConfiguration;
			baseConfigurationReference = F33647EEB5148C2C1506ECB5 /* Pods-PhotoApp-PhotoAppUITests.debug.xcconfig */;
			buildSettings = {
				ALWAYS_EMBED_SWIFT_STANDARD_LIBRARIES = YES;
				CODE_SIGN_STYLE = Automatic;
				CURRENT_PROJECT_VERSION = 1;
				DEVELOPMENT_TEAM = CZ6NNMRLBD;
				GENERATE_INFOPLIST_FILE = YES;
				MARKETING_VERSION = 1.0;
				PRODUCT_BUNDLE_IDENTIFIER = com.ryosuke.PhotoAppUITests;
				PRODUCT_NAME = "$(TARGET_NAME)";
				SWIFT_EMIT_LOC_STRINGS = NO;
				SWIFT_VERSION = 5.0;
				TARGETED_DEVICE_FAMILY = "1,2";
				TEST_TARGET_NAME = PhotoApp;
			};
			name = Debug;
		};
		A6E1A7492918F54C00C55184 /* Release */ = {
			isa = XCBuildConfiguration;
			baseConfigurationReference = 9753518D972197E393CA3B4D /* Pods-PhotoApp-PhotoAppUITests.release.xcconfig */;
			buildSettings = {
				ALWAYS_EMBED_SWIFT_STANDARD_LIBRARIES = YES;
				CODE_SIGN_STYLE = Automatic;
				CURRENT_PROJECT_VERSION = 1;
				DEVELOPMENT_TEAM = CZ6NNMRLBD;
				GENERATE_INFOPLIST_FILE = YES;
				MARKETING_VERSION = 1.0;
				PRODUCT_BUNDLE_IDENTIFIER = com.ryosuke.PhotoAppUITests;
				PRODUCT_NAME = "$(TARGET_NAME)";
				SWIFT_EMIT_LOC_STRINGS = NO;
				SWIFT_VERSION = 5.0;
				TARGETED_DEVICE_FAMILY = "1,2";
				TEST_TARGET_NAME = PhotoApp;
			};
			name = Release;
		};
/* End XCBuildConfiguration section */

/* Begin XCConfigurationList section */
		A6E1A7122918F54B00C55184 /* Build configuration list for PBXProject "PhotoApp" */ = {
			isa = XCConfigurationList;
			buildConfigurations = (
				A6E1A73F2918F54C00C55184 /* Debug */,
				A6E1A7402918F54C00C55184 /* Release */,
			);
			defaultConfigurationIsVisible = 0;
			defaultConfigurationName = Release;
		};
		A6E1A7412918F54C00C55184 /* Build configuration list for PBXNativeTarget "PhotoApp" */ = {
			isa = XCConfigurationList;
			buildConfigurations = (
				A6E1A7422918F54C00C55184 /* Debug */,
				A6E1A7432918F54C00C55184 /* Release */,
			);
			defaultConfigurationIsVisible = 0;
			defaultConfigurationName = Release;
		};
		A6E1A7442918F54C00C55184 /* Build configuration list for PBXNativeTarget "PhotoAppTests" */ = {
			isa = XCConfigurationList;
			buildConfigurations = (
				A6E1A7452918F54C00C55184 /* Debug */,
				A6E1A7462918F54C00C55184 /* Release */,
			);
			defaultConfigurationIsVisible = 0;
			defaultConfigurationName = Release;
		};
		A6E1A7472918F54C00C55184 /* Build configuration list for PBXNativeTarget "PhotoAppUITests" */ = {
			isa = XCConfigurationList;
			buildConfigurations = (
				A6E1A7482918F54C00C55184 /* Debug */,
				A6E1A7492918F54C00C55184 /* Release */,
			);
			defaultConfigurationIsVisible = 0;
			defaultConfigurationName = Release;
		};
/* End XCConfigurationList section */

/* Begin XCRemoteSwiftPackageReference section */
		A6589ADA2948B56F00D4DA3B /* XCRemoteSwiftPackageReference "firebase-ios-sdk" */ = {
			isa = XCRemoteSwiftPackageReference;
			repositoryURL = "https://github.com/firebase/firebase-ios-sdk";
			requirement = {
				branch = master;
				kind = branch;
			};
		};
		A6E1A74C2918F9B300C55184 /* XCRemoteSwiftPackageReference "firebase-ios-sdk" */ = {
			isa = XCRemoteSwiftPackageReference;
			repositoryURL = "https://github.com/firebase/firebase-ios-sdk";
			requirement = {
				branch = master;
				kind = branch;
			};
		};
/* End XCRemoteSwiftPackageReference section */

/* Begin XCSwiftPackageProductDependency section */
		A6589ADB2948B57000D4DA3B /* FirebaseFirestoreSwift */ = {
			isa = XCSwiftPackageProductDependency;
			package = A6E1A74C2918F9B300C55184 /* XCRemoteSwiftPackageReference "firebase-ios-sdk" */;
			productName = FirebaseFirestoreSwift;
		};
		A6E1A74D2918F9B400C55184 /* FirebaseFirestore */ = {
			isa = XCSwiftPackageProductDependency;
			package = A6E1A74C2918F9B300C55184 /* XCRemoteSwiftPackageReference "firebase-ios-sdk" */;
			productName = FirebaseFirestore;
		};
		A6E1A74F2918F9B400C55184 /* FirebaseStorage */ = {
			isa = XCSwiftPackageProductDependency;
			package = A6E1A74C2918F9B300C55184 /* XCRemoteSwiftPackageReference "firebase-ios-sdk" */;
			productName = FirebaseStorage;
		};
/* End XCSwiftPackageProductDependency section */
	};
	rootObject = A6E1A70F2918F54B00C55184 /* Project object */;
}
